Microsoft Visual Studio Solution File, Format Version 12.00
# Visual Studio Version 17
VisualStudioVersion = 17.5.2.0
MinimumVisualStudioVersion = 10.0.40219.1
Project("{FAE04EC0-301F-11D3-BF4B-00C04F79EFBC}") = "JohnChum.SharedKernel", "JohnChum.SharedKernel.csproj", "{D5EB9C26-7F0E-BC2E-4B1F-1DCECB182AA3}"
EndProject
Global
	GlobalSection(SolutionConfigurationPlatforms) = preSolution
		Debug|Any CPU = Debug|Any CPU
		Release|Any CPU = Release|Any CPU
	EndGlobalSection
	GlobalSection(ProjectConfigurationPlatforms) = postSolution
		{D5EB9C26-7F0E-BC2E-4B1F-1DCECB182AA3}.Debug|Any CPU.ActiveCfg = Debug|Any CPU
		{D5EB9C26-7F0E-BC2E-4B1F-1DCECB182AA3}.Debug|Any CPU.Build.0 = Debug|Any CPU
		{D5EB9C26-7F0E-BC2E-4B1F-1DCECB182AA3}.Release|Any CPU.ActiveCfg = Release|Any CPU
		{D5EB9C26-7F0E-BC2E-4B1F-1DCECB182AA3}.Release|Any CPU.Build.0 = Release|Any CPU
	EndGlobalSection
	GlobalSection(SolutionProperties) = preSolution
		HideSolutionNode = FALSE
	EndGlobalSection
	GlobalSection(ExtensibilityGlobals) = postSolution
		SolutionGuid = {0A445DCF-29D3-4FED-911D-486A7412FB7A}
	EndGlobalSection
EndGlobal
